
Microsoft Visual Studio Solution File, Format Version 12.00
# Visual Studio 15
VisualStudioVersion = 15.0.36217.24
MinimumVisualStudioVersion = 10.0.40219.1
Project("{FAE04EC0-301F-11D3-BF4B-00C04F79EFBC}") = "ReplicateImageAI", "ReplicateImageAI\ReplicateImageAI.csproj", "{152AEDD2-88B3-40F3-92CC-72FFDE352087}"
EndProject
Global
	GlobalSection(SolutionConfigurationPlatforms) = preSolution
		Debug|Any CPU = Debug|Any CPU
		Release|Any CPU = Release|Any CPU
	EndGlobalSection
	GlobalSection(ProjectConfigurationPlatforms) = postSolution
		{152AEDD2-88B3-40F3-92CC-72FFDE352087}.Debug|Any CPU.ActiveCfg = Debug|Any CPU
		{152AEDD2-88B3-40F3-92CC-72FFDE352087}.Debug|Any CPU.Build.0 = Debug|Any CPU
		{152AEDD2-88B3-40F3-92CC-72FFDE352087}.Release|Any CPU.ActiveCfg = Release|Any CPU
		{152AEDD2-88B3-40F3-92CC-72FFDE352087}.Release|Any CPU.Build.0 = Release|Any CPU
	EndGlobalSection
	GlobalSection(SolutionProperties) = preSolution
		HideSolutionNode = FALSE
	EndGlobalSection
	GlobalSection(ExtensibilityGlobals) = postSolution
		SolutionGuid = {E08A3A41-8D76-4BA2-8F83-E138CFD741D8}
	EndGlobalSection
EndGlobal
